
Microsoft Visual Studio Solution File, Format Version 11.00
# Visual C# Express 2010
Project("{FAE04EC0-301F-11D3-BF4B-00C04F79EFBC}") = "CamRecorder", "CamRecorder\CamRecorder.csproj", "{642EEBA3-0050-41AD-9013-BCED188E75FD}"
EndProject
Project("{FAE04EC0-301F-11D3-BF4B-00C04F79EFBC}") = "IPCAM", "IPCAM\IPCAM.csproj", "{3D9FF305-7C84-44DA-847F-A880D7E731DB}"
EndProject
Global
	GlobalSection(SolutionConfigurationPlatforms) = preSolution
		Debug|Any CPU = Debug|Any CPU
		Debug|x86 = Debug|x86
		Release|Any CPU = Release|Any CPU
		Release|x86 = Release|x86
	EndGlobalSection
	GlobalSection(ProjectConfigurationPlatforms) = postSolution
		{642EEBA3-0050-41AD-9013-BCED188E75FD}.Debug|Any CPU.ActiveCfg = Debug|Any CPU
		{642EEBA3-0050-41AD-9013-BCED188E75FD}.Debug|Any CPU.Build.0 = Debug|Any CPU
		{642EEBA3-0050-41AD-9013-BCED188E75FD}.Debug|x86.ActiveCfg = Debug|X86
		{642EEBA3-0050-41AD-9013-BCED188E75FD}.Debug|x86.Build.0 = Debug|X86
		{642EEBA3-0050-41AD-9013-BCED188E75FD}.Release|Any CPU.ActiveCfg = Release|Any CPU
		{642EEBA3-0050-41AD-9013-BCED188E75FD}.Release|Any CPU.Build.0 = Release|Any CPU
		{642EEBA3-0050-41AD-9013-BCED188E75FD}.Release|x86.ActiveCfg = Release|X86
		{642EEBA3-0050-41AD-9013-BCED188E75FD}.Release|x86.Build.0 = Release|X86
		{3D9FF305-7C84-44DA-847F-A880D7E731DB}.Debug|Any CPU.ActiveCfg = Debug|X86
		{3D9FF305-7C84-44DA-847F-A880D7E731DB}.Debug|x86.ActiveCfg = Debug|X86
		{3D9FF305-7C84-44DA-847F-A880D7E731DB}.Debug|x86.Build.0 = Debug|X86
		{3D9FF305-7C84-44DA-847F-A880D7E731DB}.Release|Any CPU.ActiveCfg = Release|X86
		{3D9FF305-7C84-44DA-847F-A880D7E731DB}.Release|x86.ActiveCfg = Release|X86
		{3D9FF305-7C84-44DA-847F-A880D7E731DB}.Release|x86.Build.0 = Release|X86
	EndGlobalSection
	GlobalSection(SolutionProperties) = preSolution
		HideSolutionNode = FALSE
	EndGlobalSection
EndGlobal
